
Microsoft Visual Studio Solution File, Format Version 12.00
# Visual Studio 15
VisualStudioVersion = 15.0.27130.2003
MinimumVisualStudioVersion = 10.0.40219.1
Project("{9A19103F-16F7-4668-BE54-9A1E7A4F7556}") = "Serilog.Sinks.Burst", "Serilog.Sinks.Burst\Serilog.Sinks.Burst.csproj", "{E2C37A51-2C3B-460C-802B-930316FD12B3}"
EndProject
Project("{9A19103F-16F7-4668-BE54-9A1E7A4F7556}") = "Serilog.Sinks.Burst.Tests", "Serilog.Sinks.Burst.Tests\Serilog.Sinks.Burst.Tests.csproj", "{8150F2DF-2201-4FF8-B31D-0B3E108F91AF}"
EndProject
Project("{9A19103F-16F7-4668-BE54-9A1E7A4F7556}") = "Serilog.Sinks.Burst.Sample", "Serilog.Sinks.Burst.Sample\Serilog.Sinks.Burst.Sample.csproj", "{C2D7261A-E316-4DB5-BFD0-A67D819E43A9}"
EndProject
Project("{2150E333-8FDC-42A3-9474-1A3956D46DE8}") = "Scripts", "Scripts", "{CAC0376E-6228-4B8C-8163-2D3B1BEDED07}"
	ProjectSection(SolutionItems) = preProject
		..\.travis.yml = ..\.travis.yml
		..\build.cake = ..\build.cake
		..\build.ps1 = ..\build.ps1
		..\build.sh = ..\build.sh
	EndProjectSection
EndProject
Project("{2150E333-8FDC-42A3-9474-1A3956D46DE8}") = "Solution Items", "Solution Items", "{C5F302E0-F17A-45DF-BF61-16B23EF3DC21}"
	ProjectSection(SolutionItems) = preProject
		..\README.md = ..\README.md
	EndProjectSection
EndProject
Global
	GlobalSection(SolutionConfigurationPlatforms) = preSolution
		Debug|Any CPU = Debug|Any CPU
		Release|Any CPU = Release|Any CPU
	EndGlobalSection
	GlobalSection(ProjectConfigurationPlatforms) = postSolution
		{E2C37A51-2C3B-460C-802B-930316FD12B3}.Debug|Any CPU.ActiveCfg = Debug|Any CPU
		{E2C37A51-2C3B-460C-802B-930316FD12B3}.Debug|Any CPU.Build.0 = Debug|Any CPU
		{E2C37A51-2C3B-460C-802B-930316FD12B3}.Release|Any CPU.ActiveCfg = Release|Any CPU
		{E2C37A51-2C3B-460C-802B-930316FD12B3}.Release|Any CPU.Build.0 = Release|Any CPU
		{8150F2DF-2201-4FF8-B31D-0B3E108F91AF}.Debug|Any CPU.ActiveCfg = Debug|Any CPU
		{8150F2DF-2201-4FF8-B31D-0B3E108F91AF}.Debug|Any CPU.Build.0 = Debug|Any CPU
		{8150F2DF-2201-4FF8-B31D-0B3E108F91AF}.Release|Any CPU.ActiveCfg = Release|Any CPU
		{8150F2DF-2201-4FF8-B31D-0B3E108F91AF}.Release|Any CPU.Build.0 = Release|Any CPU
		{C2D7261A-E316-4DB5-BFD0-A67D819E43A9}.Debug|Any CPU.ActiveCfg = Debug|Any CPU
		{C2D7261A-E316-4DB5-BFD0-A67D819E43A9}.Debug|Any CPU.Build.0 = Debug|Any CPU
		{C2D7261A-E316-4DB5-BFD0-A67D819E43A9}.Release|Any CPU.ActiveCfg = Release|Any CPU
		{C2D7261A-E316-4DB5-BFD0-A67D819E43A9}.Release|Any CPU.Build.0 = Release|Any CPU
	EndGlobalSection
	GlobalSection(SolutionProperties) = preSolution
		HideSolutionNode = FALSE
	EndGlobalSection
	GlobalSection(ExtensibilityGlobals) = postSolution
		SolutionGuid = {A8042F23-F44C-4BD1-8EE0-0F472A9F0598}
	EndGlobalSection
EndGlobal
